
Microsoft Visual Studio Solution File, Format Version 12.00
# Visual Studio Version 17
VisualStudioVersion = 17.3.32922.545
MinimumVisualStudioVersion = 10.0.40219.1
Project("{FAE04EC0-301F-11D3-BF4B-00C04F79EFBC}") = "DoAnLapTrinhUngDung", "DoAnLapTrinhUngDung.csproj", "{79B3A59B-DA6C-411F-AC16-579F0DE8C026}"
EndProject
Global
	GlobalSection(SolutionConfigurationPlatforms) = preSolution
		Debug|Any CPU = Debug|Any CPU
		Release|Any CPU = Release|Any CPU
	EndGlobalSection
	GlobalSection(ProjectConfigurationPlatforms) = postSolution
		{79B3A59B-DA6C-411F-AC16-579F0DE8C026}.Debug|Any CPU.ActiveCfg = Debug|Any CPU
		{79B3A59B-DA6C-411F-AC16-579F0DE8C026}.Debug|Any CPU.Build.0 = Debug|Any CPU
		{79B3A59B-DA6C-411F-AC16-579F0DE8C026}.Release|Any CPU.ActiveCfg = Release|Any CPU
		{79B3A59B-DA6C-411F-AC16-579F0DE8C026}.Release|Any CPU.Build.0 = Release|Any CPU
	EndGlobalSection
	GlobalSection(SolutionProperties) = preSolution
		HideSolutionNode = FALSE
	EndGlobalSection
	GlobalSection(ExtensibilityGlobals) = postSolution
		SolutionGuid = {640ED005-C9CC-4020-9784-873F38355691}
	EndGlobalSection
EndGlobal
